github.com/aws/aws-sdk-go-v2 v1.11.1 h1:GzvOVAdTbWxhEMRK4FfiblkGverOkAT0UodDxC1jHQM=
github.com/aws/aws-sdk-go-v2 v1.11.1/go.mod h1:SQfA+m2ltnu1cA0soUkj4dRSsmITiVQUJvBIZjzfPyQ=
github.com/aws/aws-sdk-go-v2/config v1.10.2 h1:lrNnqRpPDgrozyKMnt5/Bhcv01kel7JO6KFx4VdroCY=
github.com/aws/aws-sdk-go-v2/config v1.10.2/go.mod h1:OY1jfuHozx6GDg+NITKNukVQi4fLlnenu1PAbDJg5fk=
github.com/aws/aws-sdk-go-v2/credentials v1.6.2 h1:2faRNX8JgZVy7dDxERkaGBqb/xo5Rgmc8JMPL5j1o58=
github.com/aws/aws-sdk-go-v2/credentials v1.6.2/go.mod h1:8kRH9fthlxHEeNJ3g1N3NTSUMBba+KtTM8hp6SvUWn8=
github.com/aws/aws-sdk-go-v2/feature/ec2/imds v1.8.1 h1:pXwGBINU30CsjYztV/IyCgA7QKp99Q8wM4Gb0Ls3rB0=
github.com/aws/aws-sdk-go-v2/feature/ec2/imds v1.8.1/go.mod h1:MYiG3oeEcmrdBOV7JOIWhionzyRZJWCnByS5FmvhAoU=
github.com/aws/aws-sdk-go-v2/internal/configsources v1.1.1 h1:LZwqhOyqQ2w64PZk04V0Om9AEExtW8WMkCRoE1h9/94=
github.com/aws/aws-sdk-go-v2/internal/configsources v1.1.1/go.mod h1:22SEiBSQm5AyKEjoPcG1hzpeTI+m9CXfE6yt1h49wBE=
github.com/aws/aws-sdk-go-v2/internal/endpoints/v2 v2.0.1 h1:ObMfGNk0xjOWduPxsrRWVwZZia3e9fOcO6zlKCkt38s=
github.com/aws/aws-sdk-go-v2/internal/endpoints/v2 v2.0.1/go.mod h1:1xvCD+I5BcDuQUc+psZr7LI1a9pclAWZs3S3Gce5+lg=
github.com/aws/aws-sdk-go-v2/internal/ini v1.3.1 h1:fdQSN/ieDwbxdj7ptvFKjS2cS2a91l/WdjacCt5GgTE=
github.com/aws/aws-sdk-go-v2/internal/ini v1.3.1/go.mod h1:5eEM4wZ6I2GaeOaVXsiJexIH4P1sFnK5Yp2Tlw9Ah3c=
github.com/aws/aws-sdk-go-v2/service/ec2 v1.23.0 h1:ZZiG7Hol3Zjb7rGStw4QUuj4MAHBSdZjnt3D7+csgS8=
github.com/aws/aws-sdk-go-v2/service/ec2 v1.23.0/go.mod h1:Xv0jfvBUvJMRnYA5sX+VisekFtkWzD68qTW1VkvcrIo=
github.com/aws/aws-sdk-go-v2/service/internal/presigned-url v1.5.1 h1:ZFSfgetO5kf4WXy+a2B8zug6DXGUYjsWacyvwx5cgXU=
github.com/aws/aws-sdk-go-v2/service/internal/presigned-url v1.5.1/go.mod h1:fEaHB2bi+wVZw4uKMHEXTL9LwtT4EL//DOhTeflqIVo=
github.com/aws/aws-sdk-go-v2/service/sso v1.6.1 h1:NF/qN6e8hdHO/Pt5jN+S65dxFom3b8+ciVdyv8Jr00U=
github.com/aws/aws-sdk-go-v2/service/sso v1.6.1/go.mod h1:/73aFBwUl60wKBKhdth2pEOkut5ZNjVHGF9hjXz0bM0=
github.com/aws/aws-sdk-go-v2/service/sts v1.10.1 h1:2DKYFOmC7d3WOzdBTFJxfkcMXVVIgcitrpEoJDUKlN4=
github.com/aws/aws-sdk-go-v2/service/sts v1.10.1/go.mod h1:+BmlPeQ1Y+PuIho93MMKDby12PoUnt1SZXQdEHCzSlw=
github.com/aws/smithy-go v1.9.0 h1:c7FUdEqrQA1/UVKKCNDFQPNKGp4FQg3YW4Ck5SLTG58=
github.com/aws/smithy-go v1.9.0/go.mod h1:SObp3lf9smib00L/v3U2eAKG8FyQ7iLrJnQiAmR5n+E=
github.com/c-bata/go-prompt v0.2.6 h1:POP+nrHE+DfLYx370bedwNhsqmpCUynWPxuHi0C5vZI=
github.com/c-bata/go-prompt v0.2.6/go.mod h1:/LMAke8wD2FsNu9EXNdHxNLbd9MedkPnCdfpU9wwHfY=
github.com/caarlos0/spin v1.1.0 h1:EjsfGbZJejib25BPnDqf7iL2z9RUna7refvUf+AN9UE=
github.com/caarlos0/spin v1.1.0/go.mod h1:HOC4pUvfhjXR2yDt+sEY9dRc2m4CCaK5z5oQYAbzXSA=
github.com/davecgh/go-spew v1.1.0/go.mod h1:J7Y8YcW2NihsgmVo/mv3lAwl/skON4iLHjSsI+c5H38=
github.com/davecgh/go-spew v1.1.1 h1:vj9j/u1bqnvCEfJOwUhtlOARqs3+rkHYY13jYWTU97c=
github.com/davecgh/go-spew v1.1.1/go.mod h1:J7Y8YcW2NihsgmVo/mv3lAwl/skON4iLHjSsI+c5H38=
github.com/google/go-cmp v0.5.4/go.mod h1:v8dTdLbMG2kIc/vJvl+f65V22dbkXbowE6jgT/gNBxE=
github.com/google/go-cmp v0.5.6 h1:BKbKCqvP6I+rmFHt06ZmyQtvB8xAkWdhFyr0ZUNZcxQ=
github.com/google/go-cmp v0.5.6/go.mod h1:v8dTdLbMG2kIc/vJvl+f65V22dbkXbowE6jgT/gNBxE=
github.com/gookit/color v1.5.0 h1:1Opow3+BWDwqor78DcJkJCIwnkviFi+rrOANki9BUFw=
github.com/gookit/color v1.5.0/go.mod h1:43aQb+Zerm/BWh2GnrgOQm7ffz7tvQXEKV6BFMl7wAo=
github.com/jawher/mow.cli v1.2.1-0.20200813103149-519fe99ae7ae h1:qll00DBP8zNOgDDJ5ypWpgGKXrY3vMlViNttWJ1SjZE=
github.com/jawher/mow.cli v1.2.1-0.20200813103149-519fe99ae7ae/go.mod h1:y+pcA3jBAdo/GIZx/0rFjw/K2bVEODP9rfZOfaiq8Ko=
github.com/jmespath/go-jmespath v0.4.0 h1:BEgLn5cpjn8UN1mAw4NjwDrS35OdebyEtFe+9YPoQUg=
github.com/jmespath/go-jmespath v0.4.0/go.mod h1:T8mJZnbsbmF+m6zOOFylbeCJqk5+pHWvzYPziyZiYoo=
github.com/jmespath/go-jmespath/internal/testify v1.5.1 h1:shLQSRRSCCPj3f2gpwzGwWFoC7ycTf1rcQZHOlsJ6N8=
github.com/jmespath/go-jmespath/internal/testify v1.5.1/go.mod h1:L3OGu8Wl2/fWfCI6z80xFu9LTZmf1ZRjMHUOPmWr69U=
github.com/mattn/go-colorable v0.1.4/go.mod h1:U0ppj6V5qS13XJ6of8GYAs25YV2eR4EVcfRqFIhoBtE=
github.com/mattn/go-colorable v0.1.7 h1:bQGKb3vps/j0E9GfJQ03JyhRuxsvdAanXlT9BTw3mdw=
github.com/mattn/go-colorable v0.1.7/go.mod h1:u6P/XSegPjTcexA+o6vUJrdnUu04hMope9wVRipJSqc=
github.com/mattn/go-isatty v0.0.8/go.mod h1:Iq45c/XA43vh69/j3iqttzPXn0bhXyGjM0Hdxcsrc5s=
github.com/mattn/go-isatty v0.0.10/go.mod h1:qgIWMr58cqv1PHHyhnkY9lrL7etaEgOFcMEpPG5Rm84=
github.com/mattn/go-isatty v0.0.12 h1:wuysRhFDzyxgEmMf5xjvJ2M9dZoWAXNNr5LSBS7uHXY=
github.com/mattn/go-isatty v0.0.12/go.mod h1:cbi8OIDigv2wuxKPP5vlRcQ1OAZbq2CE4Kysco4FUpU=
github.com/mattn/go-runewidth v0.0.6/go.mod h1:H031xJmbD/WCDINGzjvQ9THkh0rPKHF+m2gUSrubnMI=
github.com/mattn/go-runewidth v0.0.9 h1:Lm995f3rfxdpd6TSmuVCHVb/QhupuXlYr8sCI/QdE+0=
github.com/mattn/go-runewidth v0.0.9/go.mod h1:H031xJmbD/WCDINGzjvQ9THkh0rPKHF+m2gUSrubnMI=
github.com/mattn/go-tty v0.0.3 h1:5OfyWorkyO7xP52Mq7tB36ajHDG5OHrmBGIS/DtakQI=
github.com/mattn/go-tty v0.0.3/go.mod h1:ihxohKRERHTVzN+aSVRwACLCeqIoZAWpoICkkvrWyR0=
github.com/northwood-labs/awsutils v0.0.0-20211122202415-2cf4914afebd h1:2jv8NnuuqB+T+HkEQF6ixdWpCfV6meMWQHXtxx3iUgM=
github.com/northwood-labs/awsutils v0.0.0-20211122202415-2cf4914afebd/go.mod h1:3yNQ3Fwync1OZXb9djMObgqZtk8/BidO5HqYVn40+t8=
github.com/northwood-labs/golang-utils/exiterrorf v0.0.0-20211120002424-5d7d1452056f h1:Fp3lv6LzKcBeNOkTYFq3EiFcpFWwNIJJ20FphJV+7no=
github.com/northwood-labs/golang-utils/exiterrorf v0.0.0-20211120002424-5d7d1452056f/go.mod h1:wTNgA9UbpSJrpyt3ZLEIbDBRlUR8wy0UqJd0EFm3gHU=
github.com/pkg/term v1.2.0-beta.2 h1:L3y/h2jkuBVFdWiJvNfYfKmzcCnILw7mJWm2JQuMppw=
github.com/pkg/term v1.2.0-beta.2/go.mod h1:E25nymQcrSllhX42Ok8MRm1+hyBdHY0dCeiKZ9jpNGw=
github.com/pmezard/go-difflib v1.0.0 h1:4DBwDE0NGyQoBHbLQYPwSUPoCMWR5BEzIk/f1lZbAQM=
github.com/pmezard/go-difflib v1.0.0/go.mod h1:iKH77koFhYxTK1pcRnkKkqfTogsbg7gZNVY4sRDYZ/4=
github.com/sirupsen/logrus v1.8.1 h1:dJKuHgqk1NNQlqoA6BTlM1Wf9DOH3NBjQyu0h9+AZZE=
github.com/sirupsen/logrus v1.8.1/go.mod h1:yWOB1SBYBC5VeMP7gHvWumXLIWorT60ONWic61uBYv0=
github.com/stretchr/objx v0.1.0/go.mod h1:HFkY916IF+rwdDfMAkV7OtwuqBVzrE8GR6GFx+wExME=
github.com/stretchr/objx v0.2.0/go.mod h1:qt09Ya8vawLte6SNmTgCsAVtYtaKzEcn8ATUoHMkEqE=
github.com/stretchr/testify v1.2.2/go.mod h1:a8OnRcib4nhh0OaRAV+Yts87kKdq0PP7pXfy6kDkUVs=
github.com/stretchr/testify v1.3.0/go.mod h1:M5WIy9Dh21IEIfnGCwXGc5bZfKNJtfHm1UVUgZn+9EI=
github.com/stretchr/testify v1.4.0/go.mod h1:j7eGeouHqKxXV5pUuKE4zz7dFj8WfuZ+81PSLYec5m4=
github.com/stretchr/testify v1.7.0 h1:nwc3DEeHmmLAfoZucVR881uASk0Mfjw8xYJ99tb5CcY=
github.com/stretchr/testify v1.7.0/go.mod h1:6Fq8oRcR53rry900zMqJjRRixrwX3KX962/h/Wwjteg=
github.com/xo/terminfo v0.0.0-20210125001918-ca9a967f8778 h1:QldyIu/L63oPpyvQmHgvgickp1Yw510KJOqX7H24mg8=
github.com/xo/terminfo v0.0.0-20210125001918-ca9a967f8778/go.mod h1:2MuV+tbUrU1zIOPMxZ5EncGwgmMJsa+9ucAQZXxsObs=
golang.org/x/sync v0.0.0-20190911185100-cd5d95a43a6e/go.mod h1:RxMgew5VJxzue5/jJTE5uejpjVlOe/izrB70Jof72aM=
golang.org/x/sys v0.0.0-20190222072716-a9d3bda3a223/go.mod h1:STP8DvDyc/dI5b8T5hshtkjS+E42TnysNCUPdjciGhY=
golang.org/x/sys v0.0.0-20191008105621-543471e840be/go.mod h1:h1NjWce9XRLGQEsW7wpKNCjG9DtNlClVuFLEZdDNbEs=
golang.org/x/sys v0.0.0-20191026070338-33540a1f6037/go.mod h1:h1NjWce9XRLGQEsW7wpKNCjG9DtNlClVuFLEZdDNbEs=
golang.org/x/sys v0.0.0-20191120155948-bd437916bb0e/go.mod h1:h1NjWce9XRLGQEsW7wpKNCjG9DtNlClVuFLEZdDNbEs=
golang.org/x/sys v0.0.0-20200116001909-b77594299b42/go.mod h1:h1NjWce9XRLGQEsW7wpKNCjG9DtNlClVuFLEZdDNbEs=
golang.org/x/sys v0.0.0-20200223170610-d5e6a3e2c0ae/go.mod h1:h1NjWce9XRLGQEsW7wpKNCjG9DtNlClVuFLEZdDNbEs=
golang.org/x/sys v0.0.0-20200909081042-eff7692f9009/go.mod h1:h1NjWce9XRLGQEsW7wpKNCjG9DtNlClVuFLEZdDNbEs=
golang.org/x/sys v0.0.0-20200918174421-af09f7315aff/go.mod h1:h1NjWce9XRLGQEsW7wpKNCjG9DtNlClVuFLEZdDNbEs=
golang.org/x/sys v0.0.0-20210330210617-4fbd30eecc44/go.mod h1:h1NjWce9XRLGQEsW7wpKNCjG9DtNlClVuFLEZdDNbEs=
golang.org/x/sys v0.1.0 h1:kunALQeHf1/185U1i0GOB/fy1IPRDDpuoOOqRReG57U=
golang.org/x/sys v0.1.0/go.mod h1:oPkhp1MJrh7nUepCBck5+mAzfO9JrbApNNgaTdGDITg=
golang.org/x/xerrors v0.0.0-20191204190536-9bdfabe68543/go.mod h1:I/5z698sn9Ka8TeJc9MKroUUfqBBauWjQqLJ2OPfmY0=
golang.org/x/xerrors v0.0.0-20200804184101-5ec99f83aff1 h1:go1bK/D/BFZV2I8cIQd1NKEZ+0owSTG1fDTci4IqFcE=
golang.org/x/xerrors v0.0.0-20200804184101-5ec99f83aff1/go.mod h1:I/5z698sn9Ka8TeJc9MKroUUfqBBauWjQqLJ2OPfmY0=
gopkg.in/check.v1 v0.0.0-20161208181325-20d25e280405/go.mod h1:Co6ibVJAznAaIkqp8huTwlJQCZ016jof/cbN4VW5Yz0=
gopkg.in/yaml.v2 v2.2.2/go.mod h1:hI93XBmqTisBFMUTm0b8Fm+jr3Dg1NNxqwp+5A1VGuI=
gopkg.in/yaml.v2 v2.2.5/go.mod h1:hI93XBmqTisBFMUTm0b8Fm+jr3Dg1NNxqwp+5A1VGuI=
gopkg.in/yaml.v2 v2.2.8 h1:obN1ZagJSUGI0Ek/LBmuj4SNLPfIny3KsKFopxRdj10=
gopkg.in/yaml.v2 v2.2.8/go.mod h1:hI93XBmqTisBFMUTm0b8Fm+jr3Dg1NNxqwp+5A1VGuI=
gopkg.in/yaml.v3 v3.0.0-20200313102051-9f266ea9e77c h1:dUUwHk2QECo/6vqA44rthZ8ie2QXMNeKRTHCNY2nXvo=
gopkg.in/yaml.v3 v3.0.0-20200313102051-9f266ea9e77c/go.mod h1:K4uyk7z7BCEPqu6E+C64Yfv1cQ7kz7rIZviUmN+EgEM=
